
Microsoft Visual Studio Solution File, Format Version 12.00
# Visual Studio Version 17
VisualStudioVersion = 17.7.34221.43
MinimumVisualStudioVersion = 10.0.40219.1
Project("{FAE04EC0-301F-11D3-BF4B-00C04F79EFBC}") = "MVCEmpleados", "MVCEmpleados\MVCEmpleados.csproj", "{8BC112E3-6D90-4956-BAA0-54944E4131BA}"
EndProject
Global
	GlobalSection(SolutionConfigurationPlatforms) = preSolution
		Debug|Any CPU = Debug|Any CPU
		Release|Any CPU = Release|Any CPU
	EndGlobalSection
	GlobalSection(ProjectConfigurationPlatforms) = postSolution
		{8BC112E3-6D90-4956-BAA0-54944E4131BA}.Debug|Any CPU.ActiveCfg = Debug|Any CPU
		{8BC112E3-6D90-4956-BAA0-54944E4131BA}.Debug|Any CPU.Build.0 = Debug|Any CPU
		{8BC112E3-6D90-4956-BAA0-54944E4131BA}.Release|Any CPU.ActiveCfg = Release|Any CPU
		{8BC112E3-6D90-4956-BAA0-54944E4131BA}.Release|Any CPU.Build.0 = Release|Any CPU
	EndGlobalSection
	GlobalSection(SolutionProperties) = preSolution
		HideSolutionNode = FALSE
	EndGlobalSection
	GlobalSection(ExtensibilityGlobals) = postSolution
		SolutionGuid = {5700ED39-79F2-4E39-B4CD-C82C50FF161F}
	EndGlobalSection
EndGlobal
