
Microsoft Visual Studio Solution File, Format Version 12.00
# Visual Studio Version 17
VisualStudioVersion = 17.7.34221.43
MinimumVisualStudioVersion = 10.0.40219.1
Project("{FAE04EC0-301F-11D3-BF4B-00C04F79EFBC}") = "CustomersAPi", "CustomersAPi\CustomersAPi.csproj", "{310CF22D-256B-4FFD-B658-144556803BF0}"
EndProject
Global
	GlobalSection(SolutionConfigurationPlatforms) = preSolution
		Debug|Any CPU = Debug|Any CPU
		Release|Any CPU = Release|Any CPU
	EndGlobalSection
	GlobalSection(ProjectConfigurationPlatforms) = postSolution
		{310CF22D-256B-4FFD-B658-144556803BF0}.Debug|Any CPU.ActiveCfg = Debug|Any CPU
		{310CF22D-256B-4FFD-B658-144556803BF0}.Debug|Any CPU.Build.0 = Debug|Any CPU
		{310CF22D-256B-4FFD-B658-144556803BF0}.Release|Any CPU.ActiveCfg = Release|Any CPU
		{310CF22D-256B-4FFD-B658-144556803BF0}.Release|Any CPU.Build.0 = Release|Any CPU
	EndGlobalSection
	GlobalSection(SolutionProperties) = preSolution
		HideSolutionNode = FALSE
	EndGlobalSection
	GlobalSection(ExtensibilityGlobals) = postSolution
		SolutionGuid = {E14BEA8E-A024-4A85-A369-1BD17E4E8E0F}
	EndGlobalSection
EndGlobal
